
Microsoft Visual Studio Solution File, Format Version 12.00
# Visual Studio Version 17
VisualStudioVersion = 17.14.36414.22 d17.14
MinimumVisualStudioVersion = 10.0.40219.1
Project("{FAE04EC0-301F-11D3-BF4B-00C04F79EFBC}") = "ZombieParty", "ZombieParty\ZombieParty.csproj", "{1FBC56AB-0128-42D9-82EB-0F647C770E9B}"
EndProject
Global
	GlobalSection(SolutionConfigurationPlatforms) = preSolution
		Debug|Any CPU = Debug|Any CPU
		Release|Any CPU = Release|Any CPU
	EndGlobalSection
	GlobalSection(ProjectConfigurationPlatforms) = postSolution
		{1FBC56AB-0128-42D9-82EB-0F647C770E9B}.Debug|Any CPU.ActiveCfg = Debug|Any CPU
		{1FBC56AB-0128-42D9-82EB-0F647C770E9B}.Debug|Any CPU.Build.0 = Debug|Any CPU
		{1FBC56AB-0128-42D9-82EB-0F647C770E9B}.Release|Any CPU.ActiveCfg = Release|Any CPU
		{1FBC56AB-0128-42D9-82EB-0F647C770E9B}.Release|Any CPU.Build.0 = Release|Any CPU
	EndGlobalSection
	GlobalSection(SolutionProperties) = preSolution
		HideSolutionNode = FALSE
	EndGlobalSection
	GlobalSection(ExtensibilityGlobals) = postSolution
		SolutionGuid = {20308697-78CA-4107-B7F8-AE6CD47CA7CA}
	EndGlobalSection
EndGlobal
